// !$*UTF8*$!
{
	archiveVersion = 1;
	classes = {
	};
	objectVersion = 51;
	objects = {

/* Begin PBXBuildFile section */
		003715C8045672015C3DA995 /* Pods_Myoko.framework in Frameworks */ = {isa = PBXBuildFile; fileRef = 612064A44BB737C85F1B8406 /* Pods_Myoko.framework */; };
		7E6CB0257C9149939B6614DC /* Pods_Myoko_MyokoUITests.framework in Frameworks */ = {isa = PBXBuildFile; fileRef = DBEE35407CF165C0EA7F2407 /* Pods_Myoko_MyokoUITests.framework */; };
		837EE9E5270823730004C5F8 /* AppDelegate.swift in Sources */ = {isa = PBXBuildFile; fileRef = 837EE9E4270823730004C5F8 /* AppDelegate.swift */; };
		837EE9E7270823730004C5F8 /* SceneDelegate.swift in Sources */ = {isa = PBXBuildFile; fileRef = 837EE9E6270823730004C5F8 /* SceneDelegate.swift */; };
		837EE9E9270823730004C5F8 /* ViewController.swift in Sources */ = {isa = PBXBuildFile; fileRef = 837EE9E8270823730004C5F8 /* ViewController.swift */; };
		837EE9EC270823730004C5F8 /* Main.storyboard in Resources */ = {isa = PBXBuildFile; fileRef = 837EE9EA270823730004C5F8 /* Main.storyboard */; };
		837EE9EF270823730004C5F8 /* Myoko.xcdatamodeld in Sources */ = {isa = PBXBuildFile; fileRef = 837EE9ED270823730004C5F8 /* Myoko.xcdatamodeld */; };
		837EE9F1270823760004C5F8 /* Assets.xcassets in Resources */ = {isa = PBXBuildFile; fileRef = 837EE9F0270823760004C5F8 /* Assets.xcassets */; };
		837EE9F4270823760004C5F8 /* LaunchScreen.storyboard in Resources */ = {isa = PBXBuildFile; fileRef = 837EE9F2270823760004C5F8 /* LaunchScreen.storyboard */; };
		837EE9FF270823770004C5F8 /* MyokoTests.swift in Sources */ = {isa = PBXBuildFile; fileRef = 837EE9FE270823770004C5F8 /* MyokoTests.swift */; };
		837EEA0A270823770004C5F8 /* MyokoUITests.swift in Sources */ = {isa = PBXBuildFile; fileRef = 837EEA09270823770004C5F8 /* MyokoUITests.swift */; };
		83F53E2E2709292700980009 /* skeleton.dae in Resources */ = {isa = PBXBuildFile; fileRef = 83F53E2D2709292700980009 /* skeleton.dae */; };
		83F53E302709294C00980009 /* skeleton.scn in Resources */ = {isa = PBXBuildFile; fileRef = 83F53E2F2709294C00980009 /* skeleton.scn */; };
		83F53E3227094E9100980009 /* car.dae in Resources */ = {isa = PBXBuildFile; fileRef = 83F53E3127094E9100980009 /* car.dae */; };
		83F53E3427094EB400980009 /* car.scn in Resources */ = {isa = PBXBuildFile; fileRef = 83F53E3327094EB400980009 /* car.scn */; };
		83F53E362709A00900980009 /* HomeViewController.swift in Sources */ = {isa = PBXBuildFile; fileRef = 83F53E352709A00900980009 /* HomeViewController.swift */; };
		D545CF6A2CC8DDA1C5D3B723 /* Pods_MyokoTests.framework in Frameworks */ = {isa = PBXBuildFile; fileRef = AA5171BA5D1374BAD8FAE6E8 /* Pods_MyokoTests.framework */; };
/* End PBXBuildFile section */

/* Begin PBXContainerItemProxy section */
		837EE9FB270823770004C5F8 /* PBXContainerItemProxy */ = {
			isa = PBXContainerItemProxy;
			containerPortal = 837EE9D9270823730004C5F8 /* Project object */;
			proxyType = 1;
			remoteGlobalIDString = 837EE9E0270823730004C5F8;
			remoteInfo = Myoko;
		};
		837EEA06270823770004C5F8 /* PBXContainerItemProxy */ = {
			isa = PBXContainerItemProxy;
			containerPortal = 837EE9D9270823730004C5F8 /* Project object */;
			proxyType = 1;
			remoteGlobalIDString = 837EE9E0270823730004C5F8;
			remoteInfo = Myoko;
		};
/* End PBXContainerItemProxy section */

/* Begin PBXFileReference section */
		26CCCCDF968AE1484F18968C /* Pods-MyokoTests.release.xcconfig */ = {isa = PBXFileReference; includeInIndex = 1; lastKnownFileType = text.xcconfig; name = "Pods-MyokoTests.release.xcconfig"; path = "Target Support Files/Pods-MyokoTests/Pods-MyokoTests.release.xcconfig"; sourceTree = "<group>"; };
		32022917B0099367044CB768 /* Pods-Myoko-MyokoUITests.release.xcconfig */ = {isa = PBXFileReference; includeInIndex = 1; lastKnownFileType = text.xcconfig; name = "Pods-Myoko-MyokoUITests.release.xcconfig"; path = "Target Support Files/Pods-Myoko-MyokoUITests/Pods-Myoko-MyokoUITests.release.xcconfig"; sourceTree = "<group>"; };
		3669CDA0D757AC426419DF11 /* Pods-Myoko.release.xcconfig */ = {isa = PBXFileReference; includeInIndex = 1; lastKnownFileType = text.xcconfig; name = "Pods-Myoko.release.xcconfig"; path = "Target Support Files/Pods-Myoko/Pods-Myoko.release.xcconfig"; sourceTree = "<group>"; };
		612064A44BB737C85F1B8406 /* Pods_Myoko.framework */ = {isa = PBXFileReference; explicitFileType = wrapper.framework; includeInIndex = 0; path = Pods_Myoko.framework; sourceTree = BUILT_PRODUCTS_DIR; };
		837EE9E1270823730004C5F8 /* Myoko.app */ = {isa = PBXFileReference; explicitFileType = wrapper.application; includeInIndex = 0; path = Myoko.app; sourceTree = BUILT_PRODUCTS_DIR; };
		837EE9E4270823730004C5F8 /* AppDelegate.swift */ = {isa = PBXFileReference; lastKnownFileType = sourcecode.swift; path = AppDelegate.swift; sourceTree = "<group>"; };
		837EE9E6270823730004C5F8 /* SceneDelegate.swift */ = {isa = PBXFileReference; lastKnownFileType = sourcecode.swift; path = SceneDelegate.swift; sourceTree = "<group>"; };
		837EE9E8270823730004C5F8 /* ViewController.swift */ = {isa = PBXFileReference; lastKnownFileType = sourcecode.swift; path = ViewController.swift; sourceTree = "<group>"; };
		837EE9EB270823730004C5F8 /* Base */ = {isa = PBXFileReference; lastKnownFileType = file.storyboard; name = Base; path = Base.lproj/Main.storyboard; sourceTree = "<group>"; };
		837EE9EE270823730004C5F8 /* Myoko.xcdatamodel */ = {isa = PBXFileReference; lastKnownFileType = wrapper.xcdatamodel; path = Myoko.xcdatamodel; sourceTree = "<group>"; };
		837EE9F0270823760004C5F8 /* Assets.xcassets */ = {isa = PBXFileReference; lastKnownFileType = folder.assetcatalog; path = Assets.xcassets; sourceTree = "<group>"; };
		837EE9F3270823760004C5F8 /* Base */ = {isa = PBXFileReference; lastKnownFileType = file.storyboard; name = Base; path = Base.lproj/LaunchScreen.storyboard; sourceTree = "<group>"; };
		837EE9F5270823760004C5F8 /* Info.plist */ = {isa = PBXFileReference; lastKnownFileType = text.plist.xml; path = Info.plist; sourceTree = "<group>"; };
		837EE9FA270823770004C5F8 /* MyokoTests.xctest */ = {isa = PBXFileReference; explicitFileType = wrapper.cfbundle; includeInIndex = 0; path = MyokoTests.xctest; sourceTree = BUILT_PRODUCTS_DIR; };
		837EE9FE270823770004C5F8 /* MyokoTests.swift */ = {isa = PBXFileReference; lastKnownFileType = sourcecode.swift; path = MyokoTests.swift; sourceTree = "<group>"; };
		837EEA00270823770004C5F8 /* Info.plist */ = {isa = PBXFileReference; lastKnownFileType = text.plist.xml; path = Info.plist; sourceTree = "<group>"; };
		837EEA05270823770004C5F8 /* MyokoUITests.xctest */ = {isa = PBXFileReference; explicitFileType = wrapper.cfbundle; includeInIndex = 0; path = MyokoUITests.xctest; sourceTree = BUILT_PRODUCTS_DIR; };
		837EEA09270823770004C5F8 /* MyokoUITests.swift */ = {isa = PBXFileReference; lastKnownFileType = sourcecode.swift; path = MyokoUITests.swift; sourceTree = "<group>"; };
		837EEA0B270823770004C5F8 /* Info.plist */ = {isa = PBXFileReference; lastKnownFileType = text.plist.xml; path = Info.plist; sourceTree = "<group>"; };
		83F53E2D2709292700980009 /* skeleton.dae */ = {isa = PBXFileReference; fileEncoding = 4; lastKnownFileType = text.xml.dae; path = skeleton.dae; sourceTree = "<group>"; };
		83F53E2F2709294C00980009 /* skeleton.scn */ = {isa = PBXFileReference; lastKnownFileType = file.bplist; path = skeleton.scn; sourceTree = "<group>"; };
		83F53E3127094E9100980009 /* car.dae */ = {isa = PBXFileReference; fileEncoding = 4; lastKnownFileType = text.xml.dae; path = car.dae; sourceTree = "<group>"; };
		83F53E3327094EB400980009 /* car.scn */ = {isa = PBXFileReference; lastKnownFileType = file.bplist; path = car.scn; sourceTree = "<group>"; };
		83F53E352709A00900980009 /* HomeViewController.swift */ = {isa = PBXFileReference; lastKnownFileType = sourcecode.swift; path = HomeViewController.swift; sourceTree = "<group>"; };
		A55BF56CD8F42CBAED9CAF47 /* Pods-Myoko-MyokoUITests.debug.xcconfig */ = {isa = PBXFileReference; includeInIndex = 1; lastKnownFileType = text.xcconfig; name = "Pods-Myoko-MyokoUITests.debug.xcconfig"; path = "Target Support Files/Pods-Myoko-MyokoUITests/Pods-Myoko-MyokoUITests.debug.xcconfig"; sourceTree = "<group>"; };
		AA5171BA5D1374BAD8FAE6E8 /* Pods_MyokoTests.framework */ = {isa = PBXFileReference; explicitFileType = wrapper.framework; includeInIndex = 0; path = Pods_MyokoTests.framework; sourceTree = BUILT_PRODUCTS_DIR; };
		BF29FE2227B2F977B8DA8AC8 /* Pods-MyokoTests.debug.xcconfig */ = {isa = PBXFileReference; includeInIndex = 1; lastKnownFileType = text.xcconfig; name = "Pods-MyokoTests.debug.xcconfig"; path = "Target Support Files/Pods-MyokoTests/Pods-MyokoTests.debug.xcconfig"; sourceTree = "<group>"; };
		C333289855D29B5A5C78CC5D /* Pods-Myoko.debug.xcconfig */ = {isa = PBXFileReference; includeInIndex = 1; lastKnownFileType = text.xcconfig; name = "Pods-Myoko.debug.xcconfig"; path = "Target Support Files/Pods-Myoko/Pods-Myoko.debug.xcconfig"; sourceTree = "<group>"; };
		DBEE35407CF165C0EA7F2407 /* Pods_Myoko_MyokoUITests.framework */ = {isa = PBXFileReference; explicitFileType = wrapper.framework; includeInIndex = 0; path = Pods_Myoko_MyokoUITests.framework; sourceTree = BUILT_PRODUCTS_DIR; };
/* End PBXFileReference section */

/* Begin PBXFrameworksBuildPhase section */
		837EE9DE270823730004C5F8 /* Frameworks */ = {
			isa = PBXFrameworksBuildPhase;
			buildActionMask = 2147483647;
			files = (
				003715C8045672015C3DA995 /* Pods_Myoko.framework in Frameworks */,
			);
			runOnlyForDeploymentPostprocessing = 0;
		};
		837EE9F7270823770004C5F8 /* Frameworks */ = {
			isa = PBXFrameworksBuildPhase;
			buildActionMask = 2147483647;
			files = (
				D545CF6A2CC8DDA1C5D3B723 /* Pods_MyokoTests.framework in Frameworks */,
			);
			runOnlyForDeploymentPostprocessing = 0;
		};
		837EEA02270823770004C5F8 /* Frameworks */ = {
			isa = PBXFrameworksBuildPhase;
			buildActionMask = 2147483647;
			files = (
				7E6CB0257C9149939B6614DC /* Pods_Myoko_MyokoUITests.framework in Frameworks */,
			);
			runOnlyForDeploymentPostprocessing = 0;
		};
/* End PBXFrameworksBuildPhase section */

/* Begin PBXGroup section */
		71ACFC0815DAA9903360564B /* Pods */ = {
			isa = PBXGroup;
			children = (
				C333289855D29B5A5C78CC5D /* Pods-Myoko.debug.xcconfig */,
				3669CDA0D757AC426419DF11 /* Pods-Myoko.release.xcconfig */,
				A55BF56CD8F42CBAED9CAF47 /* Pods-Myoko-MyokoUITests.debug.xcconfig */,
				32022917B0099367044CB768 /* Pods-Myoko-MyokoUITests.release.xcconfig */,
				BF29FE2227B2F977B8DA8AC8 /* Pods-MyokoTests.debug.xcconfig */,
				26CCCCDF968AE1484F18968C /* Pods-MyokoTests.release.xcconfig */,
			);
			path = Pods;
			sourceTree = "<group>";
		};
		837EE9D8270823730004C5F8 = {
			isa = PBXGroup;
			children = (
				837EE9E3270823730004C5F8 /* Myoko */,
				837EE9FD270823770004C5F8 /* MyokoTests */,
				837EEA08270823770004C5F8 /* MyokoUITests */,
				837EE9E2270823730004C5F8 /* Products */,
				71ACFC0815DAA9903360564B /* Pods */,
				C6ADF30971142611698C00CD /* Frameworks */,
			);
			sourceTree = "<group>";
		};
		837EE9E2270823730004C5F8 /* Products */ = {
			isa = PBXGroup;
			children = (
				837EE9E1270823730004C5F8 /* Myoko.app */,
				837EE9FA270823770004C5F8 /* MyokoTests.xctest */,
				837EEA05270823770004C5F8 /* MyokoUITests.xctest */,
			);
			name = Products;
			sourceTree = "<group>";
		};
		837EE9E3270823730004C5F8 /* Myoko */ = {
			isa = PBXGroup;
			children = (
				837EE9E4270823730004C5F8 /* AppDelegate.swift */,
				837EE9E6270823730004C5F8 /* SceneDelegate.swift */,
				837EE9E8270823730004C5F8 /* ViewController.swift */,
				83F53E2D2709292700980009 /* skeleton.dae */,
				83F53E2F2709294C00980009 /* skeleton.scn */,
				83F53E3127094E9100980009 /* car.dae */,
				83F53E3327094EB400980009 /* car.scn */,
				837EE9EA270823730004C5F8 /* Main.storyboard */,
				837EE9F0270823760004C5F8 /* Assets.xcassets */,
				837EE9F2270823760004C5F8 /* LaunchScreen.storyboard */,
				837EE9F5270823760004C5F8 /* Info.plist */,
				837EE9ED270823730004C5F8 /* Myoko.xcdatamodeld */,
				83F53E352709A00900980009 /* HomeViewController.swift */,
			);
			path = Myoko;
			sourceTree = "<group>";
		};
		837EE9FD270823770004C5F8 /* MyokoTests */ = {
			isa = PBXGroup;
			children = (
				837EE9FE270823770004C5F8 /* MyokoTests.swift */,
				837EEA00270823770004C5F8 /* Info.plist */,
			);
			path = MyokoTests;
			sourceTree = "<group>";
		};
		837EEA08270823770004C5F8 /* MyokoUITests */ = {
			isa = PBXGroup;
			children = (
				837EEA09270823770004C5F8 /* MyokoUITests.swift */,
				837EEA0B270823770004C5F8 /* Info.plist */,
			);
			path = MyokoUITests;
			sourceTree = "<group>";
		};
		C6ADF30971142611698C00CD /* Frameworks */ = {
			isa = PBXGroup;
			children = (
				612064A44BB737C85F1B8406 /* Pods_Myoko.framework */,
				DBEE35407CF165C0EA7F2407 /* Pods_Myoko_MyokoUITests.framework */,
				AA5171BA5D1374BAD8FAE6E8 /* Pods_MyokoTests.framework */,
			);
			name = Frameworks;
			sourceTree = "<group>";
		};
/* End PBXGroup section */

/* Begin PBXNativeTarget section */
		837EE9E0270823730004C5F8 /* Myoko */ = {
			isa = PBXNativeTarget;
			buildConfigurationList = 837EEA0E270823770004C5F8 /* Build configuration list for PBXNativeTarget "Myoko" */;
			buildPhases = (
				753F80727618CBD10E5FF533 /* [CP] Check Pods Manifest.lock */,
				837EE9DD270823730004C5F8 /* Sources */,
				837EE9DE270823730004C5F8 /* Frameworks */,
				837EE9DF270823730004C5F8 /* Resources */,
				00D746BB03C00BD9F5801F48 /* [CP] Embed Pods Frameworks */,
			);
			buildRules = (
			);
			dependencies = (
			);
			name = Myoko;
			productName = Myoko;
			productReference = 837EE9E1270823730004C5F8 /* Myoko.app */;
			productType = "com.apple.product-type.application";
		};
		837EE9F9270823770004C5F8 /* MyokoTests */ = {
			isa = PBXNativeTarget;
			buildConfigurationList = 837EEA11270823770004C5F8 /* Build configuration list for PBXNativeTarget "MyokoTests" */;
			buildPhases = (
				1232E9C9EFC283E148580A8E /* [CP] Check Pods Manifest.lock */,
				837EE9F6270823770004C5F8 /* Sources */,
				837EE9F7270823770004C5F8 /* Frameworks */,
				837EE9F8270823770004C5F8 /* Resources */,
			);
			buildRules = (
			);
			dependencies = (
				837EE9FC270823770004C5F8 /* PBXTargetDependency */,
			);
			name = MyokoTests;
			productName = MyokoTests;
			productReference = 837EE9FA270823770004C5F8 /* MyokoTests.xctest */;
			productType = "com.apple.product-type.bundle.unit-test";
		};
		837EEA04270823770004C5F8 /* MyokoUITests */ = {
			isa = PBXNativeTarget;
			buildConfigurationList = 837EEA14270823770004C5F8 /* Build configuration list for PBXNativeTarget "MyokoUITests" */;
			buildPhases = (
				83CE0BC25BD163002931A075 /* [CP] Check Pods Manifest.lock */,
				837EEA01270823770004C5F8 /* Sources */,
				837EEA02270823770004C5F8 /* Frameworks */,
				837EEA03270823770004C5F8 /* Resources */,
				32F39CCF982AE43BE58C07F8 /* [CP] Embed Pods Frameworks */,
			);
			buildRules = (
			);
			dependencies = (
				837EEA07270823770004C5F8 /* PBXTargetDependency */,
			);
			name = MyokoUITests;
			productName = MyokoUITests;
			productReference = 837EEA05270823770004C5F8 /* MyokoUITests.xctest */;
			productType = "com.apple.product-type.bundle.ui-testing";
		};
/* End PBXNativeTarget section */

/* Begin PBXProject section */
		837EE9D9270823730004C5F8 /* Project object */ = {
			isa = PBXProject;
			attributes = {
				LastSwiftUpdateCheck = 1250;
				LastUpgradeCheck = 1250;
				TargetAttributes = {
					837EE9E0270823730004C5F8 = {
						CreatedOnToolsVersion = 12.5.1;
					};
					837EE9F9270823770004C5F8 = {
						CreatedOnToolsVersion = 12.5.1;
						TestTargetID = 837EE9E0270823730004C5F8;
					};
					837EEA04270823770004C5F8 = {
						CreatedOnToolsVersion = 12.5.1;
						TestTargetID = 837EE9E0270823730004C5F8;
					};
				};
			};
			buildConfigurationList = 837EE9DC270823730004C5F8 /* Build configuration list for PBXProject "Myoko" */;
			compatibilityVersion = "Xcode 9.3";
			developmentRegion = en;
			hasScannedForEncodings = 0;
			knownRegions = (
				en,
				Base,
			);
			mainGroup = 837EE9D8270823730004C5F8;
			productRefGroup = 837EE9E2270823730004C5F8 /* Products */;
			projectDirPath = "";
			projectRoot = "";
			targets = (
				837EE9E0270823730004C5F8 /* Myoko */,
				837EE9F9270823770004C5F8 /* MyokoTests */,
				837EEA04270823770004C5F8 /* MyokoUITests */,
			);
		};
/* End PBXProject section */

/* Begin PBXResourcesBuildPhase section */
		837EE9DF270823730004C5F8 /* Resources */ = {
			isa = PBXResourcesBuildPhase;
			buildActionMask = 2147483647;
			files = (
				837EE9F4270823760004C5F8 /* LaunchScreen.storyboard in Resources */,
				83F53E2E2709292700980009 /* skeleton.dae in Resources */,
				837EE9F1270823760004C5F8 /* Assets.xcassets in Resources */,
				83F53E3227094E9100980009 /* car.dae in Resources */,
				83F53E3427094EB400980009 /* car.scn in Resources */,
				837EE9EC270823730004C5F8 /* Main.storyboard in Resources */,
				83F53E302709294C00980009 /* skeleton.scn in Resources */,
			);
			runOnlyForDeploymentPostprocessing = 0;
		};
		837EE9F8270823770004C5F8 /* Resources */ = {
			isa = PBXResourcesBuildPhase;
			buildActionMask = 2147483647;
			files = (
			);
			runOnlyForDeploymentPostprocessing = 0;
		};
		837EEA03270823770004C5F8 /* Resources */ = {
			isa = PBXResourcesBuildPhase;
			buildActionMask = 2147483647;
			files = (
			);
			runOnlyForDeploymentPostprocessing = 0;
		};
/* End PBXResourcesBuildPhase section */

/* Begin PBXShellScriptBuildPhase section */
		00D746BB03C00BD9F5801F48 /* [CP] Embed Pods Frameworks */ = {
			isa = PBXShellScriptBuildPhase;
			buildActionMask = 2147483647;
			files = (
			);
			inputFileListPaths = (
				"${PODS_ROOT}/Target Support Files/Pods-Myoko/Pods-Myoko-frameworks-${CONFIGURATION}-input-files.xcfilelist",
			);
			name = "[CP] Embed Pods Frameworks";
			outputFileListPaths = (
				"${PODS_ROOT}/Target Support Files/Pods-Myoko/Pods-Myoko-frameworks-${CONFIGURATION}-output-files.xcfilelist",
			);
			runOnlyForDeploymentPostprocessing = 0;
			shellPath = /bin/sh;
			shellScript = "\"${PODS_ROOT}/Target Support Files/Pods-Myoko/Pods-Myoko-frameworks.sh\"\n";
			showEnvVarsInLog = 0;
		};
		1232E9C9EFC283E148580A8E /* [CP] Check Pods Manifest.lock */ = {
			isa = PBXShellScriptBuildPhase;
			buildActionMask = 2147483647;
			files = (
			);
			inputFileListPaths = (
			);
			inputPaths = (
				"${PODS_PODFILE_DIR_PATH}/Podfile.lock",
				"${PODS_ROOT}/Manifest.lock",
			);
			name = "[CP] Check Pods Manifest.lock";
			outputFileListPaths = (
			);
			outputPaths = (
				"$(DERIVED_FILE_DIR)/Pods-MyokoTests-checkManifestLockResult.txt",
			);
			runOnlyForDeploymentPostprocessing = 0;
			shellPath = /bin/sh;
			shellScript = "diff \"${PODS_PODFILE_DIR_PATH}/Podfile.lock\" \"${PODS_ROOT}/Manifest.lock\" > /dev/null\nif [ $? != 0 ] ; then\n    # print error to STDERR\n    echo \"error: The sandbox is not in sync with the Podfile.lock. Run 'pod install' or update your CocoaPods installation.\" >&2\n    exit 1\nfi\n# This output is used by Xcode 'outputs' to avoid re-running this script phase.\necho \"SUCCESS\" > \"${SCRIPT_OUTPUT_FILE_0}\"\n";
			showEnvVarsInLog = 0;
		};
		32F39CCF982AE43BE58C07F8 /* [CP] Embed Pods Frameworks */ = {
			isa = PBXShellScriptBuildPhase;
			buildActionMask = 2147483647;
			files = (
			);
			inputFileListPaths = (
				"${PODS_ROOT}/Target Support Files/Pods-Myoko-MyokoUITests/Pods-Myoko-MyokoUITests-frameworks-${CONFIGURATION}-input-files.xcfilelist",
			);
			name = "[CP] Embed Pods Frameworks";
			outputFileListPaths = (
				"${PODS_ROOT}/Target Support Files/Pods-Myoko-MyokoUITests/Pods-Myoko-MyokoUITests-frameworks-${CONFIGURATION}-output-files.xcfilelist",
			);
			runOnlyForDeploymentPostprocessing = 0;
			shellPath = /bin/sh;
			shellScript = "\"${PODS_ROOT}/Target Support Files/Pods-Myoko-MyokoUITests/Pods-Myoko-MyokoUITests-frameworks.sh\"\n";
			showEnvVarsInLog = 0;
		};
		753F80727618CBD10E5FF533 /* [CP] Check Pods Manifest.lock */ = {
			isa = PBXShellScriptBuildPhase;
			buildActionMask = 2147483647;
			files = (
			);
			inputFileListPaths = (
			);
			inputPaths = (
				"${PODS_PODFILE_DIR_PATH}/Podfile.lock",
				"${PODS_ROOT}/Manifest.lock",
			);
			name = "[CP] Check Pods Manifest.lock";
			outputFileListPaths = (
			);
			outputPaths = (
				"$(DERIVED_FILE_DIR)/Pods-Myoko-checkManifestLockResult.txt",
			);
			runOnlyForDeploymentPostprocessing = 0;
			shellPath = /bin/sh;
			shellScript = "diff \"${PODS_PODFILE_DIR_PATH}/Podfile.lock\" \"${PODS_ROOT}/Manifest.lock\" > /dev/null\nif [ $? != 0 ] ; then\n    # print error to STDERR\n    echo \"error: The sandbox is not in sync with the Podfile.lock. Run 'pod install' or update your CocoaPods installation.\" >&2\n    exit 1\nfi\n# This output is used by Xcode 'outputs' to avoid re-running this script phase.\necho \"SUCCESS\" > \"${SCRIPT_OUTPUT_FILE_0}\"\n";
			showEnvVarsInLog = 0;
		};
		83CE0BC25BD163002931A075 /* [CP] Check Pods Manifest.lock */ = {
			isa = PBXShellScriptBuildPhase;
			buildActionMask = 2147483647;
			files = (
			);
			inputFileListPaths = (
			);
			inputPaths = (
				"${PODS_PODFILE_DIR_PATH}/Podfile.lock",
				"${PODS_ROOT}/Manifest.lock",
			);
			name = "[CP] Check Pods Manifest.lock";
			outputFileListPaths = (
			);
			outputPaths = (
				"$(DERIVED_FILE_DIR)/Pods-Myoko-MyokoUITests-checkManifestLockResult.txt",
			);
			runOnlyForDeploymentPostprocessing = 0;
			shellPath = /bin/sh;
			shellScript = "diff \"${PODS_PODFILE_DIR_PATH}/Podfile.lock\" \"${PODS_ROOT}/Manifest.lock\" > /dev/null\nif [ $? != 0 ] ; then\n    # print error to STDERR\n    echo \"error: The sandbox is not in sync with the Podfile.lock. Run 'pod install' or update your CocoaPods installation.\" >&2\n    exit 1\nfi\n# This output is used by Xcode 'outputs' to avoid re-running this script phase.\necho \"SUCCESS\" > \"${SCRIPT_OUTPUT_FILE_0}\"\n";
			showEnvVarsInLog = 0;
		};
/* End PBXShellScriptBuildPhase section */

/* Begin PBXSourcesBuildPhase section */
		837EE9DD270823730004C5F8 /* Sources */ = {
			isa = PBXSourcesBuildPhase;
			buildActionMask = 2147483647;
			files = (
				83F53E362709A00900980009 /* HomeViewController.swift in Sources */,
				837EE9E9270823730004C5F8 /* ViewController.swift in Sources */,
				837EE9EF270823730004C5F8 /* Myoko.xcdatamodeld in Sources */,
				837EE9E5270823730004C5F8 /* AppDelegate.swift in Sources */,
				837EE9E7270823730004C5F8 /* SceneDelegate.swift in Sources */,
			);
			runOnlyForDeploymentPostprocessing = 0;
		};
		837EE9F6270823770004C5F8 /* Sources */ = {
			isa = PBXSourcesBuildPhase;
			buildActionMask = 2147483647;
			files = (
				837EE9FF270823770004C5F8 /* MyokoTests.swift in Sources */,
			);
			runOnlyForDeploymentPostprocessing = 0;
		};
		837EEA01270823770004C5F8 /* Sources */ = {
			isa = PBXSourcesBuildPhase;
			buildActionMask = 2147483647;
			files = (
				837EEA0A270823770004C5F8 /* MyokoUITests.swift in Sources */,
			);
			runOnlyForDeploymentPostprocessing = 0;
		};
/* End PBXSourcesBuildPhase section */

/* Begin PBXTargetDependency section */
		837EE9FC270823770004C5F8 /* PBXTargetDependency */ = {
			isa = PBXTargetDependency;
			target = 837EE9E0270823730004C5F8 /* Myoko */;
			targetProxy = 837EE9FB270823770004C5F8 /* PBXContainerItemProxy */;
		};
		837EEA07270823770004C5F8 /* PBXTargetDependency */ = {
			isa = PBXTargetDependency;
			target = 837EE9E0270823730004C5F8 /* Myoko */;
			targetProxy = 837EEA06270823770004C5F8 /* PBXContainerItemProxy */;
		};
/* End PBXTargetDependency section */

/* Begin PBXVariantGroup section */
		837EE9EA270823730004C5F8 /* Main.storyboard */ = {
			isa = PBXVariantGroup;
			children = (
				837EE9EB270823730004C5F8 /* Base */,
			);
			name = Main.storyboard;
			sourceTree = "<group>";
		};
		837EE9F2270823760004C5F8 /* LaunchScreen.storyboard */ = {
			isa = PBXVariantGroup;
			children = (
				837EE9F3270823760004C5F8 /* Base */,
			);
			name = LaunchScreen.storyboard;
			sourceTree = "<group>";
		};
/* End PBXVariantGroup section */

/* Begin XCBuildConfiguration section */
		837EEA0C270823770004C5F8 /* Debug */ = {
			isa = XCBuildConfiguration;
			buildSettings = {
				ALWAYS_SEARCH_USER_PATHS = NO;
				CLANG_ANALYZER_NONNULL = YES;
				CLANG_ANALYZER_NUMBER_OBJECT_CONVERSION = YES_AGGRESSIVE;
				CLANG_CXX_LANGUAGE_STANDARD = "gnu++14";
				CLANG_CXX_LIBRARY = "libc++";
				CLANG_ENABLE_MODULES = YES;
				CLANG_ENABLE_OBJC_ARC = YES;
				CLANG_ENABLE_OBJC_WEAK = YES;
				CLANG_WARN_BLOCK_CAPTURE_AUTORELEASING = YES;
				CLANG_WARN_BOOL_CONVERSION = YES;
				CLANG_WARN_COMMA = YES;
				CLANG_WARN_CONSTANT_CONVERSION = YES;
				CLANG_WARN_DEPRECATED_OBJC_IMPLEMENTATIONS = YES;
				CLANG_WARN_DIRECT_OBJC_ISA_USAGE = YES_ERROR;
				CLANG_WARN_DOCUMENTATION_COMMENTS = YES;
				CLANG_WARN_EMPTY_BODY = YES;
				CLANG_WARN_ENUM_CONVERSION = YES;
				CLANG_WARN_INFINITE_RECURSION = YES;
				CLANG_WARN_INT_CONVERSION = YES;
				CLANG_WARN_NON_LITERAL_NULL_CONVERSION = YES;
				CLANG_WARN_OBJC_IMPLICIT_RETAIN_SELF = YES;
				CLANG_WARN_OBJC_LITERAL_CONVERSION = YES;
				CLANG_WARN_OBJC_ROOT_CLASS = YES_ERROR;
				CLANG_WARN_QUOTED_INCLUDE_IN_FRAMEWORK_HEADER = YES;
				CLANG_WARN_RANGE_LOOP_ANALYSIS = YES;
				CLANG_WARN_STRICT_PROTOTYPES = YES;
				CLANG_WARN_SUSPICIOUS_MOVE = YES;
				CLANG_WARN_UNGUARDED_AVAILABILITY = YES_AGGRESSIVE;
				CLANG_WARN_UNREACHABLE_CODE = YES;
				CLANG_WARN__DUPLICATE_METHOD_MATCH = YES;
				COPY_PHASE_STRIP = NO;
				DEBUG_INFORMATION_FORMAT = dwarf;
				ENABLE_STRICT_OBJC_MSGSEND = YES;
				ENABLE_TESTABILITY = YES;
				GCC_C_LANGUAGE_STANDARD = gnu11;
				GCC_DYNAMIC_NO_PIC = NO;
				GCC_NO_COMMON_BLOCKS = YES;
				GCC_OPTIMIZATION_LEVEL = 0;
				GCC_PREPROCESSOR_DEFINITIONS = (
					"DEBUG=1",
					"$(inherited)",
				);
				GCC_WARN_64_TO_32_BIT_CONVERSION = YES;
				GCC_WARN_ABOUT_RETURN_TYPE = YES_ERROR;
				GCC_WARN_UNDECLARED_SELECTOR = YES;
				GCC_WARN_UNINITIALIZED_AUTOS = YES_AGGRESSIVE;
				GCC_WARN_UNUSED_FUNCTION = YES;
				GCC_WARN_UNUSED_VARIABLE = YES;
				IPHONEOS_DEPLOYMENT_TARGET = 14.5;
				MTL_ENABLE_DEBUG_INFO = INCLUDE_SOURCE;
				MTL_FAST_MATH = YES;
				ONLY_ACTIVE_ARCH = YES;
				SDKROOT = iphoneos;
				SWIFT_ACTIVE_COMPILATION_CONDITIONS = DEBUG;
				SWIFT_OPTIMIZATION_LEVEL = "-Onone";
			};
			name = Debug;
		};
		837EEA0D270823770004C5F8 /* Release */ = {
			isa = XCBuildConfiguration;
			buildSettings = {
				ALWAYS_SEARCH_USER_PATHS = NO;
				CLANG_ANALYZER_NONNULL = YES;
				CLANG_ANALYZER_NUMBER_OBJECT_CONVERSION = YES_AGGRESSIVE;
				CLANG_CXX_LANGUAGE_STANDARD = "gnu++14";
				CLANG_CXX_LIBRARY = "libc++";
				CLANG_ENABLE_MODULES = YES;
				CLANG_ENABLE_OBJC_ARC = YES;
				CLANG_ENABLE_OBJC_WEAK = YES;
				CLANG_WARN_BLOCK_CAPTURE_AUTORELEASING = YES;
				CLANG_WARN_BOOL_CONVERSION = YES;
				CLANG_WARN_COMMA = YES;
				CLANG_WARN_CONSTANT_CONVERSION = YES;
				CLANG_WARN_DEPRECATED_OBJC_IMPLEMENTATIONS = YES;
				CLANG_WARN_DIRECT_OBJC_ISA_USAGE = YES_ERROR;
				CLANG_WARN_DOCUMENTATION_COMMENTS = YES;
				CLANG_WARN_EMPTY_BODY = YES;
				CLANG_WARN_ENUM_CONVERSION = YES;
				CLANG_WARN_INFINITE_RECURSION = YES;
				CLANG_WARN_INT_CONVERSION = YES;
				CLANG_WARN_NON_LITERAL_NULL_CONVERSION = YES;
				CLANG_WARN_OBJC_IMPLICIT_RETAIN_SELF = YES;
				CLANG_WARN_OBJC_LITERAL_CONVERSION = YES;
				CLANG_WARN_OBJC_ROOT_CLASS = YES_ERROR;
				CLANG_WARN_QUOTED_INCLUDE_IN_FRAMEWORK_HEADER = YES;
				CLANG_WARN_RANGE_LOOP_ANALYSIS = YES;
				CLANG_WARN_STRICT_PROTOTYPES = YES;
				CLANG_WARN_SUSPICIOUS_MOVE = YES;
				CLANG_WARN_UNGUARDED_AVAILABILITY = YES_AGGRESSIVE;
				CLANG_WARN_UNREACHABLE_CODE = YES;
				CLANG_WARN__DUPLICATE_METHOD_MATCH = YES;
				COPY_PHASE_STRIP = NO;
				DEBUG_INFORMATION_FORMAT = "dwarf-with-dsym";
				ENABLE_NS_ASSERTIONS = NO;
				ENABLE_STRICT_OBJC_MSGSEND = YES;
				GCC_C_LANGUAGE_STANDARD = gnu11;
				GCC_NO_COMMON_BLOCKS = YES;
				GCC_WARN_64_TO_32_BIT_CONVERSION = YES;
				GCC_WARN_ABOUT_RETURN_TYPE = YES_ERROR;
				GCC_WARN_UNDECLARED_SELECTOR = YES;
				GCC_WARN_UNINITIALIZED_AUTOS = YES_AGGRESSIVE;
				GCC_WARN_UNUSED_FUNCTION = YES;
				GCC_WARN_UNUSED_VARIABLE = YES;
				IPHONEOS_DEPLOYMENT_TARGET = 14.5;
				MTL_ENABLE_DEBUG_INFO = NO;
				MTL_FAST_MATH = YES;
				SDKROOT = iphoneos;
				SWIFT_COMPILATION_MODE = wholemodule;
				SWIFT_OPTIMIZATION_LEVEL = "-O";
				VALIDATE_PRODUCT = YES;
			};
			name = Release;
		};
		837EEA0F270823770004C5F8 /* Debug */ = {
			isa = XCBuildConfiguration;
			baseConfigurationReference = C333289855D29B5A5C78CC5D /* Pods-Myoko.debug.xcconfig */;
			buildSettings = {
				ASSETCATALOG_COMPILER_APPICON_NAME = AppIcon;
				ASSETCATALOG_COMPILER_GLOBAL_ACCENT_COLOR_NAME = AccentColor;
				CODE_SIGN_STYLE = Automatic;
				DEVELOPMENT_TEAM = 7DF23RMRWS;
				INFOPLIST_FILE = Myoko/Info.plist;
				LD_RUNPATH_SEARCH_PATHS = (
					"$(inherited)",
					"@executable_path/Frameworks",
				);
				PRODUCT_BUNDLE_IDENTIFIER = realTech.Myoko;
				PRODUCT_NAME = "$(TARGET_NAME)";
				SWIFT_VERSION = 5.0;
				TARGETED_DEVICE_FAMILY = "1,2";
			};
			name = Debug;
		};
		837EEA10270823770004C5F8 /* Release */ = {
			isa = XCBuildConfiguration;
			baseConfigurationReference = 3669CDA0D757AC426419DF11 /* Pods-Myoko.release.xcconfig */;
			buildSettings = {
				ASSETCATALOG_COMPILER_APPICON_NAME = AppIcon;
				ASSETCATALOG_COMPILER_GLOBAL_ACCENT_COLOR_NAME = AccentColor;
				CODE_SIGN_STYLE = Automatic;
				DEVELOPMENT_TEAM = 7DF23RMRWS;
				INFOPLIST_FILE = Myoko/Info.plist;
				LD_RUNPATH_SEARCH_PATHS = (
					"$(inherited)",
					"@executable_path/Frameworks",
				);
				PRODUCT_BUNDLE_IDENTIFIER = realTech.Myoko;
				PRODUCT_NAME = "$(TARGET_NAME)";
				SWIFT_VERSION = 5.0;
				TARGETED_DEVICE_FAMILY = "1,2";
			};
			name = Release;
		};
		837EEA12270823770004C5F8 /* Debug */ = {
			isa = XCBuildConfiguration;
			baseConfigurationReference = BF29FE2227B2F977B8DA8AC8 /* Pods-MyokoTests.debug.xcconfig */;
			buildSettings = {
				ALWAYS_EMBED_SWIFT_STANDARD_LIBRARIES = YES;
				BUNDLE_LOADER = "$(TEST_HOST)";
				CODE_SIGN_STYLE = Automatic;
				DEVELOPMENT_TEAM = 7DF23RMRWS;
				INFOPLIST_FILE = MyokoTests/Info.plist;
				IPHONEOS_DEPLOYMENT_TARGET = 14.5;
				LD_RUNPATH_SEARCH_PATHS = (
					"$(inherited)",
					"@executable_path/Frameworks",
					"@loader_path/Frameworks",
				);
				PRODUCT_BUNDLE_IDENTIFIER = realTech.MyokoTests;
				PRODUCT_NAME = "$(TARGET_NAME)";
				SWIFT_VERSION = 5.0;
				TARGETED_DEVICE_FAMILY = "1,2";
				TEST_HOST = "$(BUILT_PRODUCTS_DIR)/Myoko.app/Myoko";
			};
			name = Debug;
		};
		837EEA13270823770004C5F8 /* Release */ = {
			isa = XCBuildConfiguration;
			baseConfigurationReference = 26CCCCDF968AE1484F18968C /* Pods-MyokoTests.release.xcconfig */;
			buildSettings = {
				ALWAYS_EMBED_SWIFT_STANDARD_LIBRARIES = YES;
				BUNDLE_LOADER = "$(TEST_HOST)";
				CODE_SIGN_STYLE = Automatic;
				DEVELOPMENT_TEAM = 7DF23RMRWS;
				INFOPLIST_FILE = MyokoTests/Info.plist;
				IPHONEOS_DEPLOYMENT_TARGET = 14.5;
				LD_RUNPATH_SEARCH_PATHS = (
					"$(inherited)",
					"@executable_path/Frameworks",
					"@loader_path/Frameworks",
				);
				PRODUCT_BUNDLE_IDENTIFIER = realTech.MyokoTests;
				PRODUCT_NAME = "$(TARGET_NAME)";
				SWIFT_VERSION = 5.0;
				TARGETED_DEVICE_FAMILY = "1,2";
				TEST_HOST = "$(BUILT_PRODUCTS_DIR)/Myoko.app/Myoko";
			};
			name = Release;
		};
		837EEA15270823770004C5F8 /* Debug */ = {
			isa = XCBuildConfiguration;
			baseConfigurationReference = A55BF56CD8F42CBAED9CAF47 /* Pods-Myoko-MyokoUITests.debug.xcconfig */;
			buildSettings = {
				ALWAYS_EMBED_SWIFT_STANDARD_LIBRARIES = YES;
				CODE_SIGN_STYLE = Automatic;
				DEVELOPMENT_TEAM = 7DF23RMRWS;
				INFOPLIST_FILE = MyokoUITests/Info.plist;
				LD_RUNPATH_SEARCH_PATHS = (
					"$(inherited)",
					"@executable_path/Frameworks",
					"@loader_path/Frameworks",
				);
				PRODUCT_BUNDLE_IDENTIFIER = realTech.MyokoUITests;
				PRODUCT_NAME = "$(TARGET_NAME)";
				SWIFT_VERSION = 5.0;
				TARGETED_DEVICE_FAMILY = "1,2";
				TEST_TARGET_NAME = Myoko;
			};
			name = Debug;
		};
		837EEA16270823770004C5F8 /* Release */ = {
			isa = XCBuildConfiguration;
			baseConfigurationReference = 32022917B0099367044CB768 /* Pods-Myoko-MyokoUITests.release.xcconfig */;
			buildSettings = {
				ALWAYS_EMBED_SWIFT_STANDARD_LIBRARIES = YES;
				CODE_SIGN_STYLE = Automatic;
				DEVELOPMENT_TEAM = 7DF23RMRWS;
				INFOPLIST_FILE = MyokoUITests/Info.plist;
				LD_RUNPATH_SEARCH_PATHS = (
					"$(inherited)",
					"@executable_path/Frameworks",
					"@loader_path/Frameworks",
				);
				PRODUCT_BUNDLE_IDENTIFIER = realTech.MyokoUITests;
				PRODUCT_NAME = "$(TARGET_NAME)";
				SWIFT_VERSION = 5.0;
				TARGETED_DEVICE_FAMILY = "1,2";
				TEST_TARGET_NAME = Myoko;
			};
			name = Release;
		};
/* End XCBuildConfiguration section */

/* Begin XCConfigurationList section */
		837EE9DC270823730004C5F8 /* Build configuration list for PBXProject "Myoko" */ = {
			isa = XCConfigurationList;
			buildConfigurations = (
				837EEA0C270823770004C5F8 /* Debug */,
				837EEA0D270823770004C5F8 /* Release */,
			);
			defaultConfigurationIsVisible = 0;
			defaultConfigurationName = Release;
		};
		837EEA0E270823770004C5F8 /* Build configuration list for PBXNativeTarget "Myoko" */ = {
			isa = XCConfigurationList;
			buildConfigurations = (
				837EEA0F270823770004C5F8 /* Debug */,
				837EEA10270823770004C5F8 /* Release */,
			);
			defaultConfigurationIsVisible = 0;
			defaultConfigurationName = Release;
		};
		837EEA11270823770004C5F8 /* Build configuration list for PBXNativeTarget "MyokoTests" */ = {
			isa = XCConfigurationList;
			buildConfigurations = (
				837EEA12270823770004C5F8 /* Debug */,
				837EEA13270823770004C5F8 /* Release */,
			);
			defaultConfigurationIsVisible = 0;
			defaultConfigurationName = Release;
		};
		837EEA14270823770004C5F8 /* Build configuration list for PBXNativeTarget "MyokoUITests" */ = {
			isa = XCConfigurationList;
			buildConfigurations = (
				837EEA15270823770004C5F8 /* Debug */,
				837EEA16270823770004C5F8 /* Release */,
			);
			defaultConfigurationIsVisible = 0;
			defaultConfigurationName = Release;
		};
/* End XCConfigurationList section */

/* Begin XCVersionGroup section */
		837EE9ED270823730004C5F8 /* Myoko.xcdatamodeld */ = {
			isa = XCVersionGroup;
			children = (
				837EE9EE270823730004C5F8 /* Myoko.xcdatamodel */,
			);
			currentVersion = 837EE9EE270823730004C5F8 /* Myoko.xcdatamodel */;
			path = Myoko.xcdatamodeld;
			sourceTree = "<group>";
			versionGroupType = wrapper.xcdatamodel;
		};
/* End XCVersionGroup section */
	};
	rootObject = 837EE9D9270823730004C5F8 /* Project object */;
}
